
Microsoft Visual Studio Solution File, Format Version 12.00
# Visual Studio Version 17
VisualStudioVersion = 17.5.002.0
MinimumVisualStudioVersion = 10.0.40219.1
Project("{9A19103F-16F7-4668-BE54-9A1E7A4F7556}") = "BibliotecaAPI_TP03", "BibliotecaAPI_TP03.csproj", "{609CA0B9-7860-431D-85AA-F2E2122FFCE5}"
EndProject
Global
	GlobalSection(SolutionConfigurationPlatforms) = preSolution
		Debug|Any CPU = Debug|Any CPU
		Release|Any CPU = Release|Any CPU
	EndGlobalSection
	GlobalSection(ProjectConfigurationPlatforms) = postSolution
		{609CA0B9-7860-431D-85AA-F2E2122FFCE5}.Debug|Any CPU.ActiveCfg = Debug|Any CPU
		{609CA0B9-7860-431D-85AA-F2E2122FFCE5}.Debug|Any CPU.Build.0 = Debug|Any CPU
		{609CA0B9-7860-431D-85AA-F2E2122FFCE5}.Release|Any CPU.ActiveCfg = Release|Any CPU
		{609CA0B9-7860-431D-85AA-F2E2122FFCE5}.Release|Any CPU.Build.0 = Release|Any CPU
	EndGlobalSection
	GlobalSection(SolutionProperties) = preSolution
		HideSolutionNode = FALSE
	EndGlobalSection
	GlobalSection(ExtensibilityGlobals) = postSolution
		SolutionGuid = {7E610768-5427-4C16-A802-00E258C15691}
	EndGlobalSection
EndGlobal
